
Microsoft Visual Studio Solution File, Format Version 12.00
# Visual Studio 15
VisualStudioVersion = 15.0.28307.421
MinimumVisualStudioVersion = 10.0.40219.1
Project("{FAE04EC0-301F-11D3-BF4B-00C04F79EFBC}") = "Fitness Hub", "Fitness Hub\Fitness Hub.csproj", "{4D7EA466-96DB-4F01-AF09-6C96FDA596C0}"
EndProject
Global
	GlobalSection(SolutionConfigurationPlatforms) = preSolution
		Debug|Any CPU = Debug|Any CPU
		Release|Any CPU = Release|Any CPU
	EndGlobalSection
	GlobalSection(ProjectConfigurationPlatforms) = postSolution
		{4D7EA466-96DB-4F01-AF09-6C96FDA596C0}.Debug|Any CPU.ActiveCfg = Debug|Any CPU
		{4D7EA466-96DB-4F01-AF09-6C96FDA596C0}.Debug|Any CPU.Build.0 = Debug|Any CPU
		{4D7EA466-96DB-4F01-AF09-6C96FDA596C0}.Release|Any CPU.ActiveCfg = Release|Any CPU
		{4D7EA466-96DB-4F01-AF09-6C96FDA596C0}.Release|Any CPU.Build.0 = Release|Any CPU
	EndGlobalSection
	GlobalSection(SolutionProperties) = preSolution
		HideSolutionNode = FALSE
	EndGlobalSection
	GlobalSection(ExtensibilityGlobals) = postSolution
		SolutionGuid = {A7C03AAC-0249-46A3-A7B7-F3EFD3CCA5AD}
	EndGlobalSection
EndGlobal
